
Microsoft Visual Studio Solution File, Format Version 12.00
# Visual Studio Version 16
VisualStudioVersion = 16.0.30413.136
MinimumVisualStudioVersion = 10.0.40219.1
Project("{FAE04EC0-301F-11D3-BF4B-00C04F79EFBC}") = "NoviKunst", "NoviKunst\NoviKunst.csproj", "{484C1193-D0CC-4AE2-87E9-E8368D6743AD}"
EndProject
Global
	GlobalSection(SolutionConfigurationPlatforms) = preSolution
		Debug|Any CPU = Debug|Any CPU
		Release|Any CPU = Release|Any CPU
	EndGlobalSection
	GlobalSection(ProjectConfigurationPlatforms) = postSolution
		{484C1193-D0CC-4AE2-87E9-E8368D6743AD}.Debug|Any CPU.ActiveCfg = Debug|Any CPU
		{484C1193-D0CC-4AE2-87E9-E8368D6743AD}.Debug|Any CPU.Build.0 = Debug|Any CPU
		{484C1193-D0CC-4AE2-87E9-E8368D6743AD}.Release|Any CPU.ActiveCfg = Release|Any CPU
		{484C1193-D0CC-4AE2-87E9-E8368D6743AD}.Release|Any CPU.Build.0 = Release|Any CPU
	EndGlobalSection
	GlobalSection(SolutionProperties) = preSolution
		HideSolutionNode = FALSE
	EndGlobalSection
	GlobalSection(ExtensibilityGlobals) = postSolution
		SolutionGuid = {650CE0F5-AFC3-4022-8BF2-069B241CAF37}
	EndGlobalSection
EndGlobal
